// !$*UTF8*$!
{
	archiveVersion = 1;
	classes = {
	};
	objectVersion = 77;
	objects = {

/* Begin PBXContainerItemProxy section */
		7600F04A2CF1C15B00A73E06 /* PBXContainerItemProxy */ = {
			isa = PBXContainerItemProxy;
			containerPortal = 7600F0312CF1C15A00A73E06 /* Project object */;
			proxyType = 1;
			remoteGlobalIDString = 7600F0382CF1C15A00A73E06;
			remoteInfo = LazyAI;
		};
		7600F0542CF1C15B00A73E06 /* PBXContainerItemProxy */ = {
			isa = PBXContainerItemProxy;
			containerPortal = 7600F0312CF1C15A00A73E06 /* Project object */;
			proxyType = 1;
			remoteGlobalIDString = 7600F0382CF1C15A00A73E06;
			remoteInfo = LazyAI;
		};
/* End PBXContainerItemProxy section */

/* Begin PBXFileReference section */
		7600F0392CF1C15A00A73E06 /* LazyAI.app */ = {isa = PBXFileReference; explicitFileType = wrapper.application; includeInIndex = 0; path = LazyAI.app; sourceTree = BUILT_PRODUCTS_DIR; };
		7600F0492CF1C15B00A73E06 /* LazyAITests.xctest */ = {isa = PBXFileReference; explicitFileType = wrapper.cfbundle; includeInIndex = 0; path = LazyAITests.xctest; sourceTree = BUILT_PRODUCTS_DIR; };
		7600F0532CF1C15B00A73E06 /* LazyAIUITests.xctest */ = {isa = PBXFileReference; explicitFileType = wrapper.cfbundle; includeInIndex = 0; path = LazyAIUITests.xctest; sourceTree = BUILT_PRODUCTS_DIR; };
/* End PBXFileReference section */

/* Begin PBXFileSystemSynchronizedRootGroup section */
		7600F03B2CF1C15A00A73E06 /* LazyAI */ = {
			isa = PBXFileSystemSynchronizedRootGroup;
			path = LazyAI;
			sourceTree = "<group>";
		};
		7600F04C2CF1C15B00A73E06 /* LazyAITests */ = {
			isa = PBXFileSystemSynchronizedRootGroup;
			path = LazyAITests;
			sourceTree = "<group>";
		};
		7600F0562CF1C15B00A73E06 /* LazyAIUITests */ = {
			isa = PBXFileSystemSynchronizedRootGroup;
			path = LazyAIUITests;
			sourceTree = "<group>";
		};
/* End PBXFileSystemSynchronizedRootGroup section */

/* Begin PBXFrameworksBuildPhase section */
		7600F0362CF1C15A00A73E06 /* Frameworks */ = {
			isa = PBXFrameworksBuildPhase;
			buildActionMask = 2147483647;
			files = (
			);
			runOnlyForDeploymentPostprocessing = 0;
		};
		7600F0462CF1C15B00A73E06 /* Frameworks */ = {
			isa = PBXFrameworksBuildPhase;
			buildActionMask = 2147483647;
			files = (
			);
			runOnlyForDeploymentPostprocessing = 0;
		};
		7600F0502CF1C15B00A73E06 /* Frameworks */ = {
			isa = PBXFrameworksBuildPhase;
			buildActionMask = 2147483647;
			files = (
			);
			runOnlyForDeploymentPostprocessing = 0;
		};
/* End PBXFrameworksBuildPhase section */

/* Begin PBXGroup section */
		7600F0302CF1C15A00A73E06 = {
			isa = PBXGroup;
			children = (
				7600F03B2CF1C15A00A73E06 /* LazyAI */,
				7600F04C2CF1C15B00A73E06 /* LazyAITests */,
				7600F0562CF1C15B00A73E06 /* LazyAIUITests */,
				7600F03A2CF1C15A00A73E06 /* Products */,
			);
			sourceTree = "<group>";
		};
		7600F03A2CF1C15A00A73E06 /* Products */ = {
			isa = PBXGroup;
			children = (
				7600F0392CF1C15A00A73E06 /* LazyAI.app */,
				7600F0492CF1C15B00A73E06 /* LazyAITests.xctest */,
				7600F0532CF1C15B00A73E06 /* LazyAIUITests.xctest */,
			);
			name = Products;
			sourceTree = "<group>";
		};
/* End PBXGroup section */

/* Begin PBXNativeTarget section */
		7600F0382CF1C15A00A73E06 /* LazyAI */ = {
			isa = PBXNativeTarget;
			buildConfigurationList = 7600F05D2CF1C15B00A73E06 /* Build configuration list for PBXNativeTarget "LazyAI" */;
			buildPhases = (
				7600F0352CF1C15A00A73E06 /* Sources */,
				7600F0362CF1C15A00A73E06 /* Frameworks */,
				7600F0372CF1C15A00A73E06 /* Resources */,
			);
			buildRules = (
			);
			dependencies = (
			);
			fileSystemSynchronizedGroups = (
				7600F03B2CF1C15A00A73E06 /* LazyAI */,
			);
			name = LazyAI;
			packageProductDependencies = (
			);
			productName = LazyAI;
			productReference = 7600F0392CF1C15A00A73E06 /* LazyAI.app */;
			productType = "com.apple.product-type.application";
		};
		7600F0482CF1C15B00A73E06 /* LazyAITests */ = {
			isa = PBXNativeTarget;
			buildConfigurationList = 7600F0602CF1C15B00A73E06 /* Build configuration list for PBXNativeTarget "LazyAITests" */;
			buildPhases = (
				7600F0452CF1C15B00A73E06 /* Sources */,
				7600F0462CF1C15B00A73E06 /* Frameworks */,
				7600F0472CF1C15B00A73E06 /* Resources */,
			);
			buildRules = (
			);
			dependencies = (
				7600F04B2CF1C15B00A73E06 /* PBXTargetDependency */,
			);
			fileSystemSynchronizedGroups = (
				7600F04C2CF1C15B00A73E06 /* LazyAITests */,
			);
			name = LazyAITests;
			packageProductDependencies = (
			);
			productName = LazyAITests;
			productReference = 7600F0492CF1C15B00A73E06 /* LazyAITests.xctest */;
			productType = "com.apple.product-type.bundle.unit-test";
		};
		7600F0522CF1C15B00A73E06 /* LazyAIUITests */ = {
			isa = PBXNativeTarget;
			buildConfigurationList = 7600F0632CF1C15B00A73E06 /* Build configuration list for PBXNativeTarget "LazyAIUITests" */;
			buildPhases = (
				7600F04F2CF1C15B00A73E06 /* Sources */,
				7600F0502CF1C15B00A73E06 /* Frameworks */,
				7600F0512CF1C15B00A73E06 /* Resources */,
			);
			buildRules = (
			);
			dependencies = (
				7600F0552CF1C15B00A73E06 /* PBXTargetDependency */,
			);
			fileSystemSynchronizedGroups = (
				7600F0562CF1C15B00A73E06 /* LazyAIUITests */,
			);
			name = LazyAIUITests;
			packageProductDependencies = (
			);
			productName = LazyAIUITests;
			productReference = 7600F0532CF1C15B00A73E06 /* LazyAIUITests.xctest */;
			productType = "com.apple.product-type.bundle.ui-testing";
		};
/* End PBXNativeTarget section */

/* Begin PBXProject section */
		7600F0312CF1C15A00A73E06 /* Project object */ = {
			isa = PBXProject;
			attributes = {
				BuildIndependentTargetsInParallel = 1;
				LastSwiftUpdateCheck = 1600;
				LastUpgradeCheck = 1600;
				TargetAttributes = {
					7600F0382CF1C15A00A73E06 = {
						CreatedOnToolsVersion = 16.0;
					};
					7600F0482CF1C15B00A73E06 = {
						CreatedOnToolsVersion = 16.0;
						TestTargetID = 7600F0382CF1C15A00A73E06;
					};
					7600F0522CF1C15B00A73E06 = {
						CreatedOnToolsVersion = 16.0;
						TestTargetID = 7600F0382CF1C15A00A73E06;
					};
				};
			};
			buildConfigurationList = 7600F0342CF1C15A00A73E06 /* Build configuration list for PBXProject "LazyAI" */;
			developmentRegion = en;
			hasScannedForEncodings = 0;
			knownRegions = (
				en,
				Base,
			);
			mainGroup = 7600F0302CF1C15A00A73E06;
			minimizedProjectReferenceProxies = 1;
			preferredProjectObjectVersion = 77;
			productRefGroup = 7600F03A2CF1C15A00A73E06 /* Products */;
			projectDirPath = "";
			projectRoot = "";
			targets = (
				7600F0382CF1C15A00A73E06 /* LazyAI */,
				7600F0482CF1C15B00A73E06 /* LazyAITests */,
				7600F0522CF1C15B00A73E06 /* LazyAIUITests */,
			);
		};
/* End PBXProject section */

/* Begin PBXResourcesBuildPhase section */
		7600F0372CF1C15A00A73E06 /* Resources */ = {
			isa = PBXResourcesBuildPhase;
			buildActionMask = 2147483647;
			files = (
			);
			runOnlyForDeploymentPostprocessing = 0;
		};
		7600F0472CF1C15B00A73E06 /* Resources */ = {
			isa = PBXResourcesBuildPhase;
			buildActionMask = 2147483647;
			files = (
			);
			runOnlyForDeploymentPostprocessing = 0;
		};
		7600F0512CF1C15B00A73E06 /* Resources */ = {
			isa = PBXResourcesBuildPhase;
			buildActionMask = 2147483647;
			files = (
			);
			runOnlyForDeploymentPostprocessing = 0;
		};
/* End PBXResourcesBuildPhase section */

/* Begin PBXSourcesBuildPhase section */
		7600F0352CF1C15A00A73E06 /* Sources */ = {
			isa = PBXSourcesBuildPhase;
			buildActionMask = 2147483647;
			files = (
			);
			runOnlyForDeploymentPostprocessing = 0;
		};
		7600F0452CF1C15B00A73E06 /* Sources */ = {
			isa = PBXSourcesBuildPhase;
			buildActionMask = 2147483647;
			files = (
			);
			runOnlyForDeploymentPostprocessing = 0;
		};
		7600F04F2CF1C15B00A73E06 /* Sources */ = {
			isa = PBXSourcesBuildPhase;
			buildActionMask = 2147483647;
			files = (
			);
			runOnlyForDeploymentPostprocessing = 0;
		};
/* End PBXSourcesBuildPhase section */

/* Begin PBXTargetDependency section */
		7600F04B2CF1C15B00A73E06 /* PBXTargetDependency */ = {
			isa = PBXTargetDependency;
			target = 7600F0382CF1C15A00A73E06 /* LazyAI */;
			targetProxy = 7600F04A2CF1C15B00A73E06 /* PBXContainerItemProxy */;
		};
		7600F0552CF1C15B00A73E06 /* PBXTargetDependency */ = {
			isa = PBXTargetDependency;
			target = 7600F0382CF1C15A00A73E06 /* LazyAI */;
			targetProxy = 7600F0542CF1C15B00A73E06 /* PBXContainerItemProxy */;
		};
/* End PBXTargetDependency section */

/* Begin XCBuildConfiguration section */
		7600F05B2CF1C15B00A73E06 /* Debug */ = {
			isa = XCBuildConfiguration;
			buildSettings = {
				ALWAYS_SEARCH_USER_PATHS = NO;
				ASSETCATALOG_COMPILER_GENERATE_SWIFT_ASSET_SYMBOL_EXTENSIONS = YES;
				CLANG_ANALYZER_NONNULL = YES;
				CLANG_ANALYZER_NUMBER_OBJECT_CONVERSION = YES_AGGRESSIVE;
				CLANG_CXX_LANGUAGE_STANDARD = "gnu++20";
				CLANG_ENABLE_MODULES = YES;
				CLANG_ENABLE_OBJC_ARC = YES;
				CLANG_ENABLE_OBJC_WEAK = YES;
				CLANG_WARN_BLOCK_CAPTURE_AUTORELEASING = YES;
				CLANG_WARN_BOOL_CONVERSION = YES;
				CLANG_WARN_COMMA = YES;
				CLANG_WARN_CONSTANT_CONVERSION = YES;
				CLANG_WARN_DEPRECATED_OBJC_IMPLEMENTATIONS = YES;
				CLANG_WARN_DIRECT_OBJC_ISA_USAGE = YES_ERROR;
				CLANG_WARN_DOCUMENTATION_COMMENTS = YES;
				CLANG_WARN_EMPTY_BODY = YES;
				CLANG_WARN_ENUM_CONVERSION = YES;
				CLANG_WARN_INFINITE_RECURSION = YES;
				CLANG_WARN_INT_CONVERSION = YES;
				CLANG_WARN_NON_LITERAL_NULL_CONVERSION = YES;
				CLANG_WARN_OBJC_IMPLICIT_RETAIN_SELF = YES;
				CLANG_WARN_OBJC_LITERAL_CONVERSION = YES;
				CLANG_WARN_OBJC_ROOT_CLASS = YES_ERROR;
				CLANG_WARN_QUOTED_INCLUDE_IN_FRAMEWORK_HEADER = YES;
				CLANG_WARN_RANGE_LOOP_ANALYSIS = YES;
				CLANG_WARN_STRICT_PROTOTYPES = YES;
				CLANG_WARN_SUSPICIOUS_MOVE = YES;
				CLANG_WARN_UNGUARDED_AVAILABILITY = YES_AGGRESSIVE;
				CLANG_WARN_UNREACHABLE_CODE = YES;
				CLANG_WARN__DUPLICATE_METHOD_MATCH = YES;
				COPY_PHASE_STRIP = NO;
				DEBUG_INFORMATION_FORMAT = dwarf;
				ENABLE_STRICT_OBJC_MSGSEND = YES;
				ENABLE_TESTABILITY = YES;
				ENABLE_USER_SCRIPT_SANDBOXING = YES;
				GCC_C_LANGUAGE_STANDARD = gnu17;
				GCC_DYNAMIC_NO_PIC = NO;
				GCC_NO_COMMON_BLOCKS = YES;
				GCC_OPTIMIZATION_LEVEL = 0;
				GCC_PREPROCESSOR_DEFINITIONS = (
					"DEBUG=1",
					"$(inherited)",
				);
				GCC_WARN_64_TO_32_BIT_CONVERSION = YES;
				GCC_WARN_ABOUT_RETURN_TYPE = YES_ERROR;
				GCC_WARN_UNDECLARED_SELECTOR = YES;
				GCC_WARN_UNINITIALIZED_AUTOS = YES_AGGRESSIVE;
				GCC_WARN_UNUSED_FUNCTION = YES;
				GCC_WARN_UNUSED_VARIABLE = YES;
				IPHONEOS_DEPLOYMENT_TARGET = 18.0;
				LOCALIZATION_PREFERS_STRING_CATALOGS = YES;
				MTL_ENABLE_DEBUG_INFO = INCLUDE_SOURCE;
				MTL_FAST_MATH = YES;
				ONLY_ACTIVE_ARCH = YES;
				SDKROOT = iphoneos;
				SWIFT_ACTIVE_COMPILATION_CONDITIONS = "DEBUG $(inherited)";
				SWIFT_OPTIMIZATION_LEVEL = "-Onone";
			};
			name = Debug;
		};
		7600F05C2CF1C15B00A73E06 /* Release */ = {
			isa = XCBuildConfiguration;
			buildSettings = {
				ALWAYS_SEARCH_USER_PATHS = NO;
				ASSETCATALOG_COMPILER_GENERATE_SWIFT_ASSET_SYMBOL_EXTENSIONS = YES;
				CLANG_ANALYZER_NONNULL = YES;
				CLANG_ANALYZER_NUMBER_OBJECT_CONVERSION = YES_AGGRESSIVE;
				CLANG_CXX_LANGUAGE_STANDARD = "gnu++20";
				CLANG_ENABLE_MODULES = YES;
				CLANG_ENABLE_OBJC_ARC = YES;
				CLANG_ENABLE_OBJC_WEAK = YES;
				CLANG_WARN_BLOCK_CAPTURE_AUTORELEASING = YES;
				CLANG_WARN_BOOL_CONVERSION = YES;
				CLANG_WARN_COMMA = YES;
				CLANG_WARN_CONSTANT_CONVERSION = YES;
				CLANG_WARN_DEPRECATED_OBJC_IMPLEMENTATIONS = YES;
				CLANG_WARN_DIRECT_OBJC_ISA_USAGE = YES_ERROR;
				CLANG_WARN_DOCUMENTATION_COMMENTS = YES;
				CLANG_WARN_EMPTY_BODY = YES;
				CLANG_WARN_ENUM_CONVERSION = YES;
				CLANG_WARN_INFINITE_RECURSION = YES;
				CLANG_WARN_INT_CONVERSION = YES;
				CLANG_WARN_NON_LITERAL_NULL_CONVERSION = YES;
				CLANG_WARN_OBJC_IMPLICIT_RETAIN_SELF = YES;
				CLANG_WARN_OBJC_LITERAL_CONVERSION = YES;
				CLANG_WARN_OBJC_ROOT_CLASS = YES_ERROR;
				CLANG_WARN_QUOTED_INCLUDE_IN_FRAMEWORK_HEADER = YES;
				CLANG_WARN_RANGE_LOOP_ANALYSIS = YES;
				CLANG_WARN_STRICT_PROTOTYPES = YES;
				CLANG_WARN_SUSPICIOUS_MOVE = YES;
				CLANG_WARN_UNGUARDED_AVAILABILITY = YES_AGGRESSIVE;
				CLANG_WARN_UNREACHABLE_CODE = YES;
				CLANG_WARN__DUPLICATE_METHOD_MATCH = YES;
				COPY_PHASE_STRIP = NO;
				DEBUG_INFORMATION_FORMAT = "dwarf-with-dsym";
				ENABLE_NS_ASSERTIONS = NO;
				ENABLE_STRICT_OBJC_MSGSEND = YES;
				ENABLE_USER_SCRIPT_SANDBOXING = YES;
				GCC_C_LANGUAGE_STANDARD = gnu17;
				GCC_NO_COMMON_BLOCKS = YES;
				GCC_WARN_64_TO_32_BIT_CONVERSION = YES;
				GCC_WARN_ABOUT_RETURN_TYPE = YES_ERROR;
				GCC_WARN_UNDECLARED_SELECTOR = YES;
				GCC_WARN_UNINITIALIZED_AUTOS = YES_AGGRESSIVE;
				GCC_WARN_UNUSED_FUNCTION = YES;
				GCC_WARN_UNUSED_VARIABLE = YES;
				IPHONEOS_DEPLOYMENT_TARGET = 18.0;
				LOCALIZATION_PREFERS_STRING_CATALOGS = YES;
				MTL_ENABLE_DEBUG_INFO = NO;
				MTL_FAST_MATH = YES;
				SDKROOT = iphoneos;
				SWIFT_COMPILATION_MODE = wholemodule;
				VALIDATE_PRODUCT = YES;
			};
			name = Release;
		};
		7600F05E2CF1C15B00A73E06 /* Debug */ = {
			isa = XCBuildConfiguration;
			buildSettings = {
				ASSETCATALOG_COMPILER_APPICON_NAME = AppIcon;
				ASSETCATALOG_COMPILER_GLOBAL_ACCENT_COLOR_NAME = AccentColor;
				CODE_SIGN_STYLE = Automatic;
				CURRENT_PROJECT_VERSION = 1;
				DEVELOPMENT_ASSET_PATHS = "\"LazyAI/Preview Content\"";
				DEVELOPMENT_TEAM = RS949WW7SG;
				ENABLE_PREVIEWS = YES;
				GENERATE_INFOPLIST_FILE = YES;
				INFOPLIST_KEY_UIApplicationSceneManifest_Generation = YES;
				INFOPLIST_KEY_UIApplicationSupportsIndirectInputEvents = YES;
				INFOPLIST_KEY_UILaunchScreen_Generation = YES;
				INFOPLIST_KEY_UISupportedInterfaceOrientations_iPad = "UIInterfaceOrientationPortrait UIInterfaceOrientationPortraitUpsideDown UIInterfaceOrientationLandscapeLeft UIInterfaceOrientationLandscapeRight";
				INFOPLIST_KEY_UISupportedInterfaceOrientations_iPhone = "UIInterfaceOrientationPortrait UIInterfaceOrientationLandscapeLeft UIInterfaceOrientationLandscapeRight";
				LD_RUNPATH_SEARCH_PATHS = (
					"$(inherited)",
					"@executable_path/Frameworks",
				);
				MARKETING_VERSION = 1.0;
				PRODUCT_BUNDLE_IDENTIFIER = com.triodyai.LazyAI;
				PRODUCT_NAME = "$(TARGET_NAME)";
				SWIFT_EMIT_LOC_STRINGS = YES;
				SWIFT_VERSION = 5.0;
				TARGETED_DEVICE_FAMILY = "1,2";
			};
			name = Debug;
		};
		7600F05F2CF1C15B00A73E06 /* Release */ = {
			isa = XCBuildConfiguration;
			buildSettings = {
				ASSETCATALOG_COMPILER_APPICON_NAME = AppIcon;
				ASSETCATALOG_COMPILER_GLOBAL_ACCENT_COLOR_NAME = AccentColor;
				CODE_SIGN_STYLE = Automatic;
				CURRENT_PROJECT_VERSION = 1;
				DEVELOPMENT_ASSET_PATHS = "\"LazyAI/Preview Content\"";
				DEVELOPMENT_TEAM = RS949WW7SG;
				ENABLE_PREVIEWS = YES;
				GENERATE_INFOPLIST_FILE = YES;
				INFOPLIST_KEY_UIApplicationSceneManifest_Generation = YES;
				INFOPLIST_KEY_UIApplicationSupportsIndirectInputEvents = YES;
				INFOPLIST_KEY_UILaunchScreen_Generation = YES;
				INFOPLIST_KEY_UISupportedInterfaceOrientations_iPad = "UIInterfaceOrientationPortrait UIInterfaceOrientationPortraitUpsideDown UIInterfaceOrientationLandscapeLeft UIInterfaceOrientationLandscapeRight";
				INFOPLIST_KEY_UISupportedInterfaceOrientations_iPhone = "UIInterfaceOrientationPortrait UIInterfaceOrientationLandscapeLeft UIInterfaceOrientationLandscapeRight";
				LD_RUNPATH_SEARCH_PATHS = (
					"$(inherited)",
					"@executable_path/Frameworks",
				);
				MARKETING_VERSION = 1.0;
				PRODUCT_BUNDLE_IDENTIFIER = com.triodyai.LazyAI;
				PRODUCT_NAME = "$(TARGET_NAME)";
				SWIFT_EMIT_LOC_STRINGS = YES;
				SWIFT_VERSION = 5.0;
				TARGETED_DEVICE_FAMILY = "1,2";
			};
			name = Release;
		};
		7600F0612CF1C15B00A73E06 /* Debug */ = {
			isa = XCBuildConfiguration;
			buildSettings = {
				BUNDLE_LOADER = "$(TEST_HOST)";
				CODE_SIGN_STYLE = Automatic;
				CURRENT_PROJECT_VERSION = 1;
				DEVELOPMENT_TEAM = RS949WW7SG;
				GENERATE_INFOPLIST_FILE = YES;
				IPHONEOS_DEPLOYMENT_TARGET = 18.0;
				MARKETING_VERSION = 1.0;
				PRODUCT_BUNDLE_IDENTIFIER = com.triodyai.LazyAITests;
				PRODUCT_NAME = "$(TARGET_NAME)";
				SWIFT_EMIT_LOC_STRINGS = NO;
				SWIFT_VERSION = 5.0;
				TARGETED_DEVICE_FAMILY = "1,2";
				TEST_HOST = "$(BUILT_PRODUCTS_DIR)/LazyAI.app/$(BUNDLE_EXECUTABLE_FOLDER_PATH)/LazyAI";
			};
			name = Debug;
		};
		7600F0622CF1C15B00A73E06 /* Release */ = {
			isa = XCBuildConfiguration;
			buildSettings = {
				BUNDLE_LOADER = "$(TEST_HOST)";
				CODE_SIGN_STYLE = Automatic;
				CURRENT_PROJECT_VERSION = 1;
				DEVELOPMENT_TEAM = RS949WW7SG;
				GENERATE_INFOPLIST_FILE = YES;
				IPHONEOS_DEPLOYMENT_TARGET = 18.0;
				MARKETING_VERSION = 1.0;
				PRODUCT_BUNDLE_IDENTIFIER = com.triodyai.LazyAITests;
				PRODUCT_NAME = "$(TARGET_NAME)";
				SWIFT_EMIT_LOC_STRINGS = NO;
				SWIFT_VERSION = 5.0;
				TARGETED_DEVICE_FAMILY = "1,2";
				TEST_HOST = "$(BUILT_PRODUCTS_DIR)/LazyAI.app/$(BUNDLE_EXECUTABLE_FOLDER_PATH)/LazyAI";
			};
			name = Release;
		};
		7600F0642CF1C15B00A73E06 /* Debug */ = {
			isa = XCBuildConfiguration;
			buildSettings = {
				CODE_SIGN_STYLE = Automatic;
				CURRENT_PROJECT_VERSION = 1;
				DEVELOPMENT_TEAM = RS949WW7SG;
				GENERATE_INFOPLIST_FILE = YES;
				MARKETING_VERSION = 1.0;
				PRODUCT_BUNDLE_IDENTIFIER = com.triodyai.LazyAIUITests;
				PRODUCT_NAME = "$(TARGET_NAME)";
				SWIFT_EMIT_LOC_STRINGS = NO;
				SWIFT_VERSION = 5.0;
				TARGETED_DEVICE_FAMILY = "1,2";
				TEST_TARGET_NAME = LazyAI;
			};
			name = Debug;
		};
		7600F0652CF1C15B00A73E06 /* Release */ = {
			isa = XCBuildConfiguration;
			buildSettings = {
				CODE_SIGN_STYLE = Automatic;
				CURRENT_PROJECT_VERSION = 1;
				DEVELOPMENT_TEAM = RS949WW7SG;
				GENERATE_INFOPLIST_FILE = YES;
				MARKETING_VERSION = 1.0;
				PRODUCT_BUNDLE_IDENTIFIER = com.triodyai.LazyAIUITests;
				PRODUCT_NAME = "$(TARGET_NAME)";
				SWIFT_EMIT_LOC_STRINGS = NO;
				SWIFT_VERSION = 5.0;
				TARGETED_DEVICE_FAMILY = "1,2";
				TEST_TARGET_NAME = LazyAI;
			};
			name = Release;
		};
/* End XCBuildConfiguration section */

/* Begin XCConfigurationList section */
		7600F0342CF1C15A00A73E06 /* Build configuration list for PBXProject "LazyAI" */ = {
			isa = XCConfigurationList;
			buildConfigurations = (
				7600F05B2CF1C15B00A73E06 /* Debug */,
				7600F05C2CF1C15B00A73E06 /* Release */,
			);
			defaultConfigurationIsVisible = 0;
			defaultConfigurationName = Release;
		};
		7600F05D2CF1C15B00A73E06 /* Build configuration list for PBXNativeTarget "LazyAI" */ = {
			isa = XCConfigurationList;
			buildConfigurations = (
				7600F05E2CF1C15B00A73E06 /* Debug */,
				7600F05F2CF1C15B00A73E06 /* Release */,
			);
			defaultConfigurationIsVisible = 0;
			defaultConfigurationName = Release;
		};
		7600F0602CF1C15B00A73E06 /* Build configuration list for PBXNativeTarget "LazyAITests" */ = {
			isa = XCConfigurationList;
			buildConfigurations = (
				7600F0612CF1C15B00A73E06 /* Debug */,
				7600F0622CF1C15B00A73E06 /* Release */,
			);
			defaultConfigurationIsVisible = 0;
			defaultConfigurationName = Release;
		};
		7600F0632CF1C15B00A73E06 /* Build configuration list for PBXNativeTarget "LazyAIUITests" */ = {
			isa = XCConfigurationList;
			buildConfigurations = (
				7600F0642CF1C15B00A73E06 /* Debug */,
				7600F0652CF1C15B00A73E06 /* Release */,
			);
			defaultConfigurationIsVisible = 0;
			defaultConfigurationName = Release;
		};
/* End XCConfigurationList section */
	};
	rootObject = 7600F0312CF1C15A00A73E06 /* Project object */;
}
